PODS:
  - arcgis_maps (300.0.0.4935):
    - arcgis_maps_ffi
    - Flutter
    - Runtimecore
  - arcgis_maps_ffi (300.0.0.4935)
  - Flutter (1.0.0)
  - Runtimecore (300.0.0.4935)

DEPENDENCIES:
  - arcgis_maps (from `.symlinks/plugins/arcgis_maps/ios`)
  - arcgis_maps_ffi (from `../arcgis_maps_core/ios/arcgis_maps_ffi.podspec`)
  - Flutter (from `Flutter`)
  - Runtimecore (from `../arcgis_maps_core/ios/Runtimecore.podspec`)

EXTERNAL SOURCES:
  arcgis_maps:
    :path: ".symlinks/plugins/arcgis_maps/ios"
  arcgis_maps_ffi:
    :podspec: "../arcgis_maps_core/ios/arcgis_maps_ffi.podspec"
  Flutter:
    :path: Flutter
  Runtimecore:
    :podspec: "../arcgis_maps_core/ios/Runtimecore.podspec"

SPEC CHECKSUMS:
  arcgis_maps: 6751f496cf10a6ab40be99650db808fba3c79479
  arcgis_maps_ffi: d3b440a8597adc73da785ae2c8188104d195b175
  Flutter: cabc95a1d2626b1b06e7179b784ebcf0c0cde467
  Runtimecore: 840ee513ebee02645e2f91a8a9c1f8f26572c439

PODFILE CHECKSUM: c933df652deae5d9b52bf9e6356a7eca03c344f1

COCOAPODS: 1.16.2
